
Microsoft Visual Studio Solution File, Format Version 12.00
# Visual Studio Version 17
VisualStudioVersion = 17.9.34728.123
MinimumVisualStudioVersion = 10.0.40219.1
Project("{FAE04EC0-301F-11D3-BF4B-00C04F79EFBC}") = "AspMedSystem", "AspMedSystem\AspMedSystem.csproj", "{7B43C3BA-701C-46D5-B030-B19F5F82CCAC}"
EndProject
Global
	GlobalSection(SolutionConfigurationPlatforms) = preSolution
		Debug|Any CPU = Debug|Any CPU
		Release|Any CPU = Release|Any CPU
	EndGlobalSection
	GlobalSection(ProjectConfigurationPlatforms) = postSolution
		{7B43C3BA-701C-46D5-B030-B19F5F82CCAC}.Debug|Any CPU.ActiveCfg = Debug|Any CPU
		{7B43C3BA-701C-46D5-B030-B19F5F82CCAC}.Debug|Any CPU.Build.0 = Debug|Any CPU
		{7B43C3BA-701C-46D5-B030-B19F5F82CCAC}.Release|Any CPU.ActiveCfg = Release|Any CPU
		{7B43C3BA-701C-46D5-B030-B19F5F82CCAC}.Release|Any CPU.Build.0 = Release|Any CPU
	EndGlobalSection
	GlobalSection(SolutionProperties) = preSolution
		HideSolutionNode = FALSE
	EndGlobalSection
	GlobalSection(ExtensibilityGlobals) = postSolution
		SolutionGuid = {11E7AC21-D7ED-4E9F-B382-70D165415917}
	EndGlobalSection
EndGlobal
